
Microsoft Visual Studio Solution File, Format Version 12.00
# Visual Studio Version 16
VisualStudioVersion = 16.0.31321.278
MinimumVisualStudioVersion = 10.0.40219.1
Project("{9A19103F-16F7-4668-BE54-9A1E7A4F7556}") = "FMSystem.Client", "FMSystem.Client\FMSystem.Client.csproj", "{7A4EF556-E479-49C5-9409-D9AE042731D0}"
EndProject
Project("{9A19103F-16F7-4668-BE54-9A1E7A4F7556}") = "FMSystem.Server", "FMSystem.Server\FMSystem.Server.csproj", "{E49CAB60-5E03-402D-8BB2-F990966FEEC6}"
EndProject
Project("{9A19103F-16F7-4668-BE54-9A1E7A4F7556}") = "FMSystem.Shared", "FMSystem.Shared\FMSystem.Shared.csproj", "{47F787C9-87A0-478A-AE34-2ED6F6C374D8}"
EndProject
Global
	GlobalSection(SolutionConfigurationPlatforms) = preSolution
		Debug|Any CPU = Debug|Any CPU
		Release|Any CPU = Release|Any CPU
	EndGlobalSection
	GlobalSection(ProjectConfigurationPlatforms) = postSolution
		{7A4EF556-E479-49C5-9409-D9AE042731D0}.Debug|Any CPU.ActiveCfg = Debug|Any CPU
		{7A4EF556-E479-49C5-9409-D9AE042731D0}.Debug|Any CPU.Build.0 = Debug|Any CPU
		{7A4EF556-E479-49C5-9409-D9AE042731D0}.Release|Any CPU.ActiveCfg = Release|Any CPU
		{7A4EF556-E479-49C5-9409-D9AE042731D0}.Release|Any CPU.Build.0 = Release|Any CPU
		{E49CAB60-5E03-402D-8BB2-F990966FEEC6}.Debug|Any CPU.ActiveCfg = Debug|Any CPU
		{E49CAB60-5E03-402D-8BB2-F990966FEEC6}.Debug|Any CPU.Build.0 = Debug|Any CPU
		{E49CAB60-5E03-402D-8BB2-F990966FEEC6}.Release|Any CPU.ActiveCfg = Release|Any CPU
		{E49CAB60-5E03-402D-8BB2-F990966FEEC6}.Release|Any CPU.Build.0 = Release|Any CPU
		{47F787C9-87A0-478A-AE34-2ED6F6C374D8}.Debug|Any CPU.ActiveCfg = Debug|Any CPU
		{47F787C9-87A0-478A-AE34-2ED6F6C374D8}.Debug|Any CPU.Build.0 = Debug|Any CPU
		{47F787C9-87A0-478A-AE34-2ED6F6C374D8}.Release|Any CPU.ActiveCfg = Release|Any CPU
		{47F787C9-87A0-478A-AE34-2ED6F6C374D8}.Release|Any CPU.Build.0 = Release|Any CPU
	EndGlobalSection
	GlobalSection(SolutionProperties) = preSolution
		HideSolutionNode = FALSE
	EndGlobalSection
	GlobalSection(ExtensibilityGlobals) = postSolution
		SolutionGuid = {6440D00D-772B-42FE-AD13-0978D6ACD97E}
	EndGlobalSection
EndGlobal
